Microsoft Visual Studio Solution File, Format Version 12.00
# Visual Studio Version 17
VisualStudioVersion = 17.5.2.0
MinimumVisualStudioVersion = 10.0.40219.1
Project("{FAE04EC0-301F-11D3-BF4B-00C04F79EFBC}") = "BethanysPieShop", "BethanysPieShop\BethanysPieShop.csproj", "{DB283D9F-6A4B-1E3B-EABA-62CBA4752880}"
EndProject
Global
	GlobalSection(SolutionConfigurationPlatforms) = preSolution
		Debug|Any CPU = Debug|Any CPU
		Release|Any CPU = Release|Any CPU
	EndGlobalSection
	GlobalSection(ProjectConfigurationPlatforms) = postSolution
		{DB283D9F-6A4B-1E3B-EABA-62CBA4752880}.Debug|Any CPU.ActiveCfg = Debug|Any CPU
		{DB283D9F-6A4B-1E3B-EABA-62CBA4752880}.Debug|Any CPU.Build.0 = Debug|Any CPU
		{DB283D9F-6A4B-1E3B-EABA-62CBA4752880}.Release|Any CPU.ActiveCfg = Release|Any CPU
		{DB283D9F-6A4B-1E3B-EABA-62CBA4752880}.Release|Any CPU.Build.0 = Release|Any CPU
	EndGlobalSection
	GlobalSection(SolutionProperties) = preSolution
		HideSolutionNode = FALSE
	EndGlobalSection
	GlobalSection(ExtensibilityGlobals) = postSolution
		SolutionGuid = {D69D6DD6-10E0-4CF4-8588-85418AD6445D}
	EndGlobalSection
EndGlobal
