Microsoft Visual Studio Solution File, Format Version 12.00
# Visual Studio Version 17
VisualStudioVersion = 17.5.2.0
MinimumVisualStudioVersion = 10.0.40219.1
Project("{FAE04EC0-301F-11D3-BF4B-00C04F79EFBC}") = "BethanysPieShop", "BethanysPieShop.csproj", "{B99731D2-4F59-E966-EF27-D51D043EDCAD}"
EndProject
Global
	GlobalSection(SolutionConfigurationPlatforms) = preSolution
		Debug|Any CPU = Debug|Any CPU
		Release|Any CPU = Release|Any CPU
	EndGlobalSection
	GlobalSection(ProjectConfigurationPlatforms) = postSolution
		{B99731D2-4F59-E966-EF27-D51D043EDCAD}.Debug|Any CPU.ActiveCfg = Debug|Any CPU
		{B99731D2-4F59-E966-EF27-D51D043EDCAD}.Debug|Any CPU.Build.0 = Debug|Any CPU
		{B99731D2-4F59-E966-EF27-D51D043EDCAD}.Release|Any CPU.ActiveCfg = Release|Any CPU
		{B99731D2-4F59-E966-EF27-D51D043EDCAD}.Release|Any CPU.Build.0 = Release|Any CPU
	EndGlobalSection
	GlobalSection(SolutionProperties) = preSolution
		HideSolutionNode = FALSE
	EndGlobalSection
	GlobalSection(ExtensibilityGlobals) = postSolution
		SolutionGuid = {65745EE2-3469-4B9F-AA9E-015E762EC4A9}
	EndGlobalSection
EndGlobal
